
Microsoft Visual Studio Solution File, Format Version 12.00
# Visual Studio 15
VisualStudioVersion = 15.0.26403.7
MinimumVisualStudioVersion = 10.0.40219.1
Project("{FAE04EC0-301F-11D3-BF4B-00C04F79EFBC}") = "HouseHoldApp_Service", "HouseHoldApp_Service\HouseHoldApp_Service.csproj", "{E0756F09-A2E0-4770-96CB-9E02960E53B4}"
EndProject
Global
	GlobalSection(SolutionConfigurationPlatforms) = preSolution
		Debug|Any CPU = Debug|Any CPU
		Release|Any CPU = Release|Any CPU
	EndGlobalSection
	GlobalSection(ProjectConfigurationPlatforms) = postSolution
		{E0756F09-A2E0-4770-96CB-9E02960E53B4}.Debug|Any CPU.ActiveCfg = Debug|Any CPU
		{E0756F09-A2E0-4770-96CB-9E02960E53B4}.Debug|Any CPU.Build.0 = Debug|Any CPU
		{E0756F09-A2E0-4770-96CB-9E02960E53B4}.Release|Any CPU.ActiveCfg = Release|Any CPU
		{E0756F09-A2E0-4770-96CB-9E02960E53B4}.Release|Any CPU.Build.0 = Release|Any CPU
	EndGlobalSection
	GlobalSection(SolutionProperties) = preSolution
		HideSolutionNode = FALSE
	EndGlobalSection
EndGlobal
